<?xml version="1.0" encoding="utf-8"?>
<Project ToolsVersion="4.0" xmlns="http://schemas.microsoft.com/developer/msbuild/2003">
  <ItemGroup>
    <Filter Include="Source Files">
      <UniqueIdentifier>{49cbe01c-dad8-4e07-b3c8-47a4b7ebc7b2}</UniqueIdentifier>
      <Extensions>cpp;c;cxx;def;odl;idl;hpj;bat;asm</Extensions>
    </Filter>
    <Filter Include="Header Files">
      <UniqueIdentifier>{329df933-447d-4003-970e-20a2c94e84a2}</UniqueIdentifier>
      <Extensions>h;hpp;hxx;hm;inl;inc</Extensions>
    </Filter>
    <Filter Include="Resource Files">
      <UniqueIdentifier>{ba1017ba-b703-4480-aadb-fbf9a7e798ce}</UniqueIdentifier>
      <Extensions>rc;ico;cur;bmp;dlg;rc2;rct;bin;rgs;jpg;jpeg;jpe;manifest</Extensions>
    </Filter>
    <Filter Include="Source Files\crash_server_exe">
      <UniqueIdentifier>{5c9ef33a-0e9b-41a6-ba18-6d484e5286f5}</UniqueIdentifier>
    </Filter>
    <Filter Include="Source Files\crash_example_exe">
      <UniqueIdentifier>{4b6c2f02-948c-4967-acff-559afbe88b9f}</UniqueIdentifier>
    </Filter>
    <Filter Include="Source Files\common">
      <UniqueIdentifier>{61ba6469-7223-4209-a178-0bd5ffeafb1c}</UniqueIdentifier>
    </Filter>
  </ItemGroup>
  <ItemGroup>
    <ClCompile Include="stdafx.cpp">
      <Filter>Source Files</Filter>
    </ClCompile>
    <ClCompile Include="breakpad_example.cpp">
      <Filter>Source Files</Filter>
    </ClCompile>
    <ClCompile Include="crash_server_exe\crash_server_main_exe.cc">
      <Filter>Source Files\crash_server_exe</Filter>
    </ClCompile>
    <ClCompile Include="common\cmdline_parse.cc">
      <Filter>Source Files\common</Filter>
    </ClCompile>
    <ClCompile Include="crash_example_exe\MainDlg.cc">
      <Filter>Source Files\crash_example_exe</Filter>
    </ClCompile>
    <ClCompile Include="crash_example_exe\my_example_exe.cc">
      <Filter>Source Files\crash_example_exe</Filter>
    </ClCompile>
  </ItemGroup>
  <ItemGroup>
    <ClInclude Include="stdafx.h">
      <Filter>Header Files</Filter>
    </ClInclude>
    <ClInclude Include="resource.h">
      <Filter>Header Files</Filter>
    </ClInclude>
    <ClInclude Include="crash_server_exe\crash_server_main_exe.h">
      <Filter>Source Files\crash_server_exe</Filter>
    </ClInclude>
    <ClInclude Include="crash_example_exe\my_example_exe.h">
      <Filter>Source Files\crash_example_exe</Filter>
    </ClInclude>
    <ClInclude Include="common\cmdline_parse.h">
      <Filter>Source Files\common</Filter>
    </ClInclude>
    <ClInclude Include="common\common.h">
      <Filter>Source Files\common</Filter>
    </ClInclude>
    <ClInclude Include="crash_example_exe\MainDlg.h">
      <Filter>Source Files\crash_example_exe</Filter>
    </ClInclude>
  </ItemGroup>
  <ItemGroup>
    <ResourceCompile Include="breakpad_example.rc">
      <Filter>Resource Files</Filter>
    </ResourceCompile>
  </ItemGroup>
  <ItemGroup>
    <None Include="res\breakpad_example.ico">
      <Filter>Resource Files</Filter>
    </None>
  </ItemGroup>
</Project>